
Microsoft Visual Studio Solution File, Format Version 12.00
# Visual Studio 15
VisualStudioVersion = 15.0.28010.2003
MinimumVisualStudioVersion = 10.0.40219.1
Project("{FAE04EC0-301F-11D3-BF4B-00C04F79EFBC}") = "DailyTest", "DailyTest\DailyTest.csproj", "{3E95925F-BEDD-457B-8FFB-290A2E651DFE}"
EndProject
Project("{FAE04EC0-301F-11D3-BF4B-00C04F79EFBC}") = "EventSample", "EventSample\EventSample.csproj", "{AFB90D58-9D96-4E47-9F7E-5D23D45219D6}"
EndProject
Project("{FAE04EC0-301F-11D3-BF4B-00C04F79EFBC}") = "Recursive", "Fibonacci\Recursive.csproj", "{780A86D0-C4D4-4495-9F7A-BF7F4D0B5612}"
EndProject
Project("{9A19103F-16F7-4668-BE54-9A1E7A4F7556}") = "CodePractice", "LeetCode\CodePractice.csproj", "{EC00D947-0004-459F-A035-72E806A40188}"
EndProject
Global
	GlobalSection(SolutionConfigurationPlatforms) = preSolution
		Debug|Any CPU = Debug|Any CPU
		Release|Any CPU = Release|Any CPU
	EndGlobalSection
	GlobalSection(ProjectConfigurationPlatforms) = postSolution
		{3E95925F-BEDD-457B-8FFB-290A2E651DFE}.Debug|Any CPU.ActiveCfg = Debug|Any CPU
		{3E95925F-BEDD-457B-8FFB-290A2E651DFE}.Debug|Any CPU.Build.0 = Debug|Any CPU
		{3E95925F-BEDD-457B-8FFB-290A2E651DFE}.Release|Any CPU.ActiveCfg = Release|Any CPU
		{3E95925F-BEDD-457B-8FFB-290A2E651DFE}.Release|Any CPU.Build.0 = Release|Any CPU
		{AFB90D58-9D96-4E47-9F7E-5D23D45219D6}.Debug|Any CPU.ActiveCfg = Debug|Any CPU
		{AFB90D58-9D96-4E47-9F7E-5D23D45219D6}.Debug|Any CPU.Build.0 = Debug|Any CPU
		{AFB90D58-9D96-4E47-9F7E-5D23D45219D6}.Release|Any CPU.ActiveCfg = Release|Any CPU
		{AFB90D58-9D96-4E47-9F7E-5D23D45219D6}.Release|Any CPU.Build.0 = Release|Any CPU
		{780A86D0-C4D4-4495-9F7A-BF7F4D0B5612}.Debug|Any CPU.ActiveCfg = Debug|Any CPU
		{780A86D0-C4D4-4495-9F7A-BF7F4D0B5612}.Debug|Any CPU.Build.0 = Debug|Any CPU
		{780A86D0-C4D4-4495-9F7A-BF7F4D0B5612}.Release|Any CPU.ActiveCfg = Release|Any CPU
		{780A86D0-C4D4-4495-9F7A-BF7F4D0B5612}.Release|Any CPU.Build.0 = Release|Any CPU
		{EC00D947-0004-459F-A035-72E806A40188}.Debug|Any CPU.ActiveCfg = Debug|Any CPU
		{EC00D947-0004-459F-A035-72E806A40188}.Debug|Any CPU.Build.0 = Debug|Any CPU
		{EC00D947-0004-459F-A035-72E806A40188}.Release|Any CPU.ActiveCfg = Release|Any CPU
		{EC00D947-0004-459F-A035-72E806A40188}.Release|Any CPU.Build.0 = Release|Any CPU
	EndGlobalSection
	GlobalSection(SolutionProperties) = preSolution
		HideSolutionNode = FALSE
	EndGlobalSection
	GlobalSection(ExtensibilityGlobals) = postSolution
		SolutionGuid = {D5548265-3F88-4DA2-92A4-72BCB58A2D6E}
	EndGlobalSection
EndGlobal
